
Microsoft Visual Studio Solution File, Format Version 12.00
# Visual Studio Version 16
VisualStudioVersion = 16.0.30907.101
MinimumVisualStudioVersion = 10.0.40219.1
Project("{888888A0-9F3D-457C-B088-3A5042F75D52}") = "fivee", "fivee.pyproj", "{255AC952-41E0-47EA-BD63-5E35C5E3119C}"
EndProject
Global
	GlobalSection(SolutionConfigurationPlatforms) = preSolution
		Debug|Any CPU = Debug|Any CPU
		Release|Any CPU = Release|Any CPU
	EndGlobalSection
	GlobalSection(ProjectConfigurationPlatforms) = postSolution
		{255AC952-41E0-47EA-BD63-5E35C5E3119C}.Debug|Any CPU.ActiveCfg = Debug|Any CPU
		{255AC952-41E0-47EA-BD63-5E35C5E3119C}.Release|Any CPU.ActiveCfg = Release|Any CPU
	EndGlobalSection
	GlobalSection(SolutionProperties) = preSolution
		HideSolutionNode = FALSE
	EndGlobalSection
	GlobalSection(ExtensibilityGlobals) = postSolution
		SolutionGuid = {10E05A64-B061-49C3-8659-87B7121EF894}
	EndGlobalSection
EndGlobal
